// !$*UTF8*$!
{
	archiveVersion = 1;
	classes = {
	};
	objectVersion = 56;
	objects = {

/* Begin PBXBuildFile section */
		3D0AF6A829D25E100013C47D /* Launch Screen.storyboard in Resources */ = {isa = PBXBuildFile; fileRef = 3D0AF6A729D25E100013C47D /* Launch Screen.storyboard */; };
		3D2AB0FC29E3B29000328075 /* UserSingleton.swift in Sources */ = {isa = PBXBuildFile; fileRef = 3D2AB0FB29E3B29000328075 /* UserSingleton.swift */; };
		3D3327FA29C8F80700F84CBF /* NewsViewController.swift in Sources */ = {isa = PBXBuildFile; fileRef = 3D3327F929C8F80700F84CBF /* NewsViewController.swift */; };
		3D3327FC29C8F81800F84CBF /* CityCalendarViewController.swift in Sources */ = {isa = PBXBuildFile; fileRef = 3D3327FB29C8F81800F84CBF /* CityCalendarViewController.swift */; };
		3D3327FE29C8F82600F84CBF /* PaymentsViewController.swift in Sources */ = {isa = PBXBuildFile; fileRef = 3D3327FD29C8F82600F84CBF /* PaymentsViewController.swift */; };
		3D33280029C8F83500F84CBF /* ServiceRequestViewController.swift in Sources */ = {isa = PBXBuildFile; fileRef = 3D3327FF29C8F83500F84CBF /* ServiceRequestViewController.swift */; };
		3D33280229C8F84200F84CBF /* DirectoryViewController.swift in Sources */ = {isa = PBXBuildFile; fileRef = 3D33280129C8F84200F84CBF /* DirectoryViewController.swift */; };
		3D7D37CD29BEDB260084BEA2 /* AppDelegate.swift in Sources */ = {isa = PBXBuildFile; fileRef = 3D7D37CC29BEDB260084BEA2 /* AppDelegate.swift */; };
		3D7D37CF29BEDB260084BEA2 /* SceneDelegate.swift in Sources */ = {isa = PBXBuildFile; fileRef = 3D7D37CE29BEDB260084BEA2 /* SceneDelegate.swift */; };
		3D7D37D129BEDB260084BEA2 /* ViewController.swift in Sources */ = {isa = PBXBuildFile; fileRef = 3D7D37D029BEDB260084BEA2 /* ViewController.swift */; };
		3D7D37D429BEDB260084BEA2 /* Main.storyboard in Resources */ = {isa = PBXBuildFile; fileRef = 3D7D37D229BEDB260084BEA2 /* Main.storyboard */; };
		3D7D37D729BEDB260084BEA2 /* CoD_magic.xcdatamodeld in Sources */ = {isa = PBXBuildFile; fileRef = 3D7D37D529BEDB260084BEA2 /* CoD_magic.xcdatamodeld */; };
		3D7D37D929BEDB270084BEA2 /* Assets.xcassets in Resources */ = {isa = PBXBuildFile; fileRef = 3D7D37D829BEDB270084BEA2 /* Assets.xcassets */; };
		3D7D37DC29BEDB270084BEA2 /* LaunchScreen.storyboard in Resources */ = {isa = PBXBuildFile; fileRef = 3D7D37DA29BEDB270084BEA2 /* LaunchScreen.storyboard */; };
		3D7D37E429BEDB6A0084BEA2 /* RegistrationViewController.swift in Sources */ = {isa = PBXBuildFile; fileRef = 3D7D37E329BEDB6A0084BEA2 /* RegistrationViewController.swift */; };
/* End PBXBuildFile section */

/* Begin PBXFileReference section */
		3D0AF6A729D25E100013C47D /* Launch Screen.storyboard */ = {isa = PBXFileReference; lastKnownFileType = file.storyboard; path = "Launch Screen.storyboard"; sourceTree = "<group>"; };
		3D2AB0FB29E3B29000328075 /* UserSingleton.swift */ = {isa = PBXFileReference; lastKnownFileType = sourcecode.swift; path = UserSingleton.swift; sourceTree = "<group>"; };
		3D3327F929C8F80700F84CBF /* NewsViewController.swift */ = {isa = PBXFileReference; lastKnownFileType = sourcecode.swift; path = NewsViewController.swift; sourceTree = "<group>"; };
		3D3327FB29C8F81800F84CBF /* CityCalendarViewController.swift */ = {isa = PBXFileReference; lastKnownFileType = sourcecode.swift; path = CityCalendarViewController.swift; sourceTree = "<group>"; };
		3D3327FD29C8F82600F84CBF /* PaymentsViewController.swift */ = {isa = PBXFileReference; lastKnownFileType = sourcecode.swift; path = PaymentsViewController.swift; sourceTree = "<group>"; };
		3D3327FF29C8F83500F84CBF /* ServiceRequestViewController.swift */ = {isa = PBXFileReference; lastKnownFileType = sourcecode.swift; path = ServiceRequestViewController.swift; sourceTree = "<group>"; };
		3D33280129C8F84200F84CBF /* DirectoryViewController.swift */ = {isa = PBXFileReference; lastKnownFileType = sourcecode.swift; path = DirectoryViewController.swift; sourceTree = "<group>"; };
		3D7D37C929BEDB260084BEA2 /* CoD_magic.app */ = {isa = PBXFileReference; explicitFileType = wrapper.application; includeInIndex = 0; path = CoD_magic.app; sourceTree = BUILT_PRODUCTS_DIR; };
		3D7D37CC29BEDB260084BEA2 /* AppDelegate.swift */ = {isa = PBXFileReference; lastKnownFileType = sourcecode.swift; path = AppDelegate.swift; sourceTree = "<group>"; };
		3D7D37CE29BEDB260084BEA2 /* SceneDelegate.swift */ = {isa = PBXFileReference; lastKnownFileType = sourcecode.swift; path = SceneDelegate.swift; sourceTree = "<group>"; };
		3D7D37D029BEDB260084BEA2 /* ViewController.swift */ = {isa = PBXFileReference; lastKnownFileType = sourcecode.swift; path = ViewController.swift; sourceTree = "<group>"; };
		3D7D37D329BEDB260084BEA2 /* Base */ = {isa = PBXFileReference; lastKnownFileType = file.storyboard; name = Base; path = Base.lproj/Main.storyboard; sourceTree = "<group>"; };
		3D7D37D629BEDB260084BEA2 /* CoD_magic.xcdatamodel */ = {isa = PBXFileReference; lastKnownFileType = wrapper.xcdatamodel; path = CoD_magic.xcdatamodel; sourceTree = "<group>"; };
		3D7D37D829BEDB270084BEA2 /* Assets.xcassets */ = {isa = PBXFileReference; lastKnownFileType = folder.assetcatalog; path = Assets.xcassets; sourceTree = "<group>"; };
		3D7D37DB29BEDB270084BEA2 /* Base */ = {isa = PBXFileReference; lastKnownFileType = file.storyboard; name = Base; path = Base.lproj/LaunchScreen.storyboard; sourceTree = "<group>"; };
		3D7D37DD29BEDB270084BEA2 /* Info.plist */ = {isa = PBXFileReference; lastKnownFileType = text.plist.xml; path = Info.plist; sourceTree = "<group>"; };
		3D7D37E329BEDB6A0084BEA2 /* RegistrationViewController.swift */ = {isa = PBXFileReference; lastKnownFileType = sourcecode.swift; path = RegistrationViewController.swift; sourceTree = "<group>"; };
/* End PBXFileReference section */

/* Begin PBXFrameworksBuildPhase section */
		3D7D37C629BEDB260084BEA2 /* Frameworks */ = {
			isa = PBXFrameworksBuildPhase;
			buildActionMask = 2147483647;
			files = (
			);
			runOnlyForDeploymentPostprocessing = 0;
		};
/* End PBXFrameworksBuildPhase section */

/* Begin PBXGroup section */
		3D3327F729C8F77F00F84CBF /* Login & Registration Controllers */ = {
			isa = PBXGroup;
			children = (
				3D7D37D029BEDB260084BEA2 /* ViewController.swift */,
				3D7D37E329BEDB6A0084BEA2 /* RegistrationViewController.swift */,
			);
			path = "Login & Registration Controllers";
			sourceTree = "<group>";
		};
		3D3327F829C8F7D700F84CBF /* Main Options Controllers */ = {
			isa = PBXGroup;
			children = (
				3D3327F929C8F80700F84CBF /* NewsViewController.swift */,
				3D3327FB29C8F81800F84CBF /* CityCalendarViewController.swift */,
				3D3327FD29C8F82600F84CBF /* PaymentsViewController.swift */,
				3D3327FF29C8F83500F84CBF /* ServiceRequestViewController.swift */,
				3D33280129C8F84200F84CBF /* DirectoryViewController.swift */,
			);
			path = "Main Options Controllers";
			sourceTree = "<group>";
		};
		3D7D37C029BEDB260084BEA2 = {
			isa = PBXGroup;
			children = (
				3D7D37CB29BEDB260084BEA2 /* CoD_magic */,
				3D7D37CA29BEDB260084BEA2 /* Products */,
			);
			sourceTree = "<group>";
		};
		3D7D37CA29BEDB260084BEA2 /* Products */ = {
			isa = PBXGroup;
			children = (
				3D7D37C929BEDB260084BEA2 /* CoD_magic.app */,
			);
			name = Products;
			sourceTree = "<group>";
		};
		3D7D37CB29BEDB260084BEA2 /* CoD_magic */ = {
			isa = PBXGroup;
			children = (
				3D7D37CC29BEDB260084BEA2 /* AppDelegate.swift */,
				3D7D37CE29BEDB260084BEA2 /* SceneDelegate.swift */,
				3D2AB0FB29E3B29000328075 /* UserSingleton.swift */,
				3D7D37D229BEDB260084BEA2 /* Main.storyboard */,
				3D7D37D829BEDB270084BEA2 /* Assets.xcassets */,
				3D7D37DA29BEDB270084BEA2 /* LaunchScreen.storyboard */,
				3D7D37DD29BEDB270084BEA2 /* Info.plist */,
				3D7D37D529BEDB260084BEA2 /* CoD_magic.xcdatamodeld */,
				3D3327F729C8F77F00F84CBF /* Login & Registration Controllers */,
				3D3327F829C8F7D700F84CBF /* Main Options Controllers */,
				3D0AF6A729D25E100013C47D /* Launch Screen.storyboard */,
			);
			path = CoD_magic;
			sourceTree = "<group>";
		};
/* End PBXGroup section */

/* Begin PBXNativeTarget section */
		3D7D37C829BEDB260084BEA2 /* CoD_magic */ = {
			isa = PBXNativeTarget;
			buildConfigurationList = 3D7D37E029BEDB270084BEA2 /* Build configuration list for PBXNativeTarget "CoD_magic" */;
			buildPhases = (
				3D7D37C529BEDB260084BEA2 /* Sources */,
				3D7D37C629BEDB260084BEA2 /* Frameworks */,
				3D7D37C729BEDB260084BEA2 /* Resources */,
			);
			buildRules = (
			);
			dependencies = (
			);
			name = CoD_magic;
			productName = CoD_magic;
			productReference = 3D7D37C929BEDB260084BEA2 /* CoD_magic.app */;
			productType = "com.apple.product-type.application";
		};
/* End PBXNativeTarget section */

/* Begin PBXProject section */
		3D7D37C129BEDB260084BEA2 /* Project object */ = {
			isa = PBXProject;
			attributes = {
				BuildIndependentTargetsInParallel = 1;
				LastSwiftUpdateCheck = 1420;
				LastUpgradeCheck = 1420;
				TargetAttributes = {
					3D7D37C829BEDB260084BEA2 = {
						CreatedOnToolsVersion = 14.2;
					};
				};
			};
			buildConfigurationList = 3D7D37C429BEDB260084BEA2 /* Build configuration list for PBXProject "CoD_magic" */;
			compatibilityVersion = "Xcode 14.0";
			developmentRegion = en;
			hasScannedForEncodings = 0;
			knownRegions = (
				en,
				Base,
			);
			mainGroup = 3D7D37C029BEDB260084BEA2;
			productRefGroup = 3D7D37CA29BEDB260084BEA2 /* Products */;
			projectDirPath = "";
			projectRoot = "";
			targets = (
				3D7D37C829BEDB260084BEA2 /* CoD_magic */,
			);
		};
/* End PBXProject section */

/* Begin PBXResourcesBuildPhase section */
		3D7D37C729BEDB260084BEA2 /* Resources */ = {
			isa = PBXResourcesBuildPhase;
			buildActionMask = 2147483647;
			files = (
				3D7D37DC29BEDB270084BEA2 /* LaunchScreen.storyboard in Resources */,
				3D7D37D929BEDB270084BEA2 /* Assets.xcassets in Resources */,
				3D0AF6A829D25E100013C47D /* Launch Screen.storyboard in Resources */,
				3D7D37D429BEDB260084BEA2 /* Main.storyboard in Resources */,
			);
			runOnlyForDeploymentPostprocessing = 0;
		};
/* End PBXResourcesBuildPhase section */

/* Begin PBXSourcesBuildPhase section */
		3D7D37C529BEDB260084BEA2 /* Sources */ = {
			isa = PBXSourcesBuildPhase;
			buildActionMask = 2147483647;
			files = (
				3D2AB0FC29E3B29000328075 /* UserSingleton.swift in Sources */,
				3D7D37D729BEDB260084BEA2 /* CoD_magic.xcdatamodeld in Sources */,
				3D33280229C8F84200F84CBF /* DirectoryViewController.swift in Sources */,
				3D7D37D129BEDB260084BEA2 /* ViewController.swift in Sources */,
				3D3327FC29C8F81800F84CBF /* CityCalendarViewController.swift in Sources */,
				3D7D37CD29BEDB260084BEA2 /* AppDelegate.swift in Sources */,
				3D7D37CF29BEDB260084BEA2 /* SceneDelegate.swift in Sources */,
				3D3327FA29C8F80700F84CBF /* NewsViewController.swift in Sources */,
				3D33280029C8F83500F84CBF /* ServiceRequestViewController.swift in Sources */,
				3D3327FE29C8F82600F84CBF /* PaymentsViewController.swift in Sources */,
				3D7D37E429BEDB6A0084BEA2 /* RegistrationViewController.swift in Sources */,
			);
			runOnlyForDeploymentPostprocessing = 0;
		};
/* End PBXSourcesBuildPhase section */

/* Begin PBXVariantGroup section */
		3D7D37D229BEDB260084BEA2 /* Main.storyboard */ = {
			isa = PBXVariantGroup;
			children = (
				3D7D37D329BEDB260084BEA2 /* Base */,
			);
			name = Main.storyboard;
			sourceTree = "<group>";
		};
		3D7D37DA29BEDB270084BEA2 /* LaunchScreen.storyboard */ = {
			isa = PBXVariantGroup;
			children = (
				3D7D37DB29BEDB270084BEA2 /* Base */,
			);
			name = LaunchScreen.storyboard;
			sourceTree = "<group>";
		};
/* End PBXVariantGroup section */

/* Begin XCBuildConfiguration section */
		3D7D37DE29BEDB270084BEA2 /* Debug */ = {
			isa = XCBuildConfiguration;
			buildSettings = {
				ALWAYS_SEARCH_USER_PATHS = NO;
				CLANG_ANALYZER_NONNULL = YES;
				CLANG_ANALYZER_NUMBER_OBJECT_CONVERSION = YES_AGGRESSIVE;
				CLANG_CXX_LANGUAGE_STANDARD = "gnu++20";
				CLANG_ENABLE_MODULES = YES;
				CLANG_ENABLE_OBJC_ARC = YES;
				CLANG_ENABLE_OBJC_WEAK = YES;
				CLANG_WARN_BLOCK_CAPTURE_AUTORELEASING = YES;
				CLANG_WARN_BOOL_CONVERSION = YES;
				CLANG_WARN_COMMA = YES;
				CLANG_WARN_CONSTANT_CONVERSION = YES;
				CLANG_WARN_DEPRECATED_OBJC_IMPLEMENTATIONS = YES;
				CLANG_WARN_DIRECT_OBJC_ISA_USAGE = YES_ERROR;
				CLANG_WARN_DOCUMENTATION_COMMENTS = YES;
				CLANG_WARN_EMPTY_BODY = YES;
				CLANG_WARN_ENUM_CONVERSION = YES;
				CLANG_WARN_INFINITE_RECURSION = YES;
				CLANG_WARN_INT_CONVERSION = YES;
				CLANG_WARN_NON_LITERAL_NULL_CONVERSION = YES;
				CLANG_WARN_OBJC_IMPLICIT_RETAIN_SELF = YES;
				CLANG_WARN_OBJC_LITERAL_CONVERSION = YES;
				CLANG_WARN_OBJC_ROOT_CLASS = YES_ERROR;
				CLANG_WARN_QUOTED_INCLUDE_IN_FRAMEWORK_HEADER = YES;
				CLANG_WARN_RANGE_LOOP_ANALYSIS = YES;
				CLANG_WARN_STRICT_PROTOTYPES = YES;
				CLANG_WARN_SUSPICIOUS_MOVE = YES;
				CLANG_WARN_UNGUARDED_AVAILABILITY = YES_AGGRESSIVE;
				CLANG_WARN_UNREACHABLE_CODE = YES;
				CLANG_WARN__DUPLICATE_METHOD_MATCH = YES;
				COPY_PHASE_STRIP = NO;
				DEBUG_INFORMATION_FORMAT = dwarf;
				ENABLE_STRICT_OBJC_MSGSEND = YES;
				ENABLE_TESTABILITY = YES;
				GCC_C_LANGUAGE_STANDARD = gnu11;
				GCC_DYNAMIC_NO_PIC = NO;
				GCC_NO_COMMON_BLOCKS = YES;
				GCC_OPTIMIZATION_LEVEL = 0;
				GCC_PREPROCESSOR_DEFINITIONS = (
					"DEBUG=1",
					"$(inherited)",
				);
				GCC_WARN_64_TO_32_BIT_CONVERSION = YES;
				GCC_WARN_ABOUT_RETURN_TYPE = YES_ERROR;
				GCC_WARN_UNDECLARED_SELECTOR = YES;
				GCC_WARN_UNINITIALIZED_AUTOS = YES_AGGRESSIVE;
				GCC_WARN_UNUSED_FUNCTION = YES;
				GCC_WARN_UNUSED_VARIABLE = YES;
				IPHONEOS_DEPLOYMENT_TARGET = 16.2;
				MTL_ENABLE_DEBUG_INFO = INCLUDE_SOURCE;
				MTL_FAST_MATH = YES;
				ONLY_ACTIVE_ARCH = YES;
				SDKROOT = iphoneos;
				SWIFT_ACTIVE_COMPILATION_CONDITIONS = DEBUG;
				SWIFT_OPTIMIZATION_LEVEL = "-Onone";
			};
			name = Debug;
		};
		3D7D37DF29BEDB270084BEA2 /* Release */ = {
			isa = XCBuildConfiguration;
			buildSettings = {
				ALWAYS_SEARCH_USER_PATHS = NO;
				CLANG_ANALYZER_NONNULL = YES;
				CLANG_ANALYZER_NUMBER_OBJECT_CONVERSION = YES_AGGRESSIVE;
				CLANG_CXX_LANGUAGE_STANDARD = "gnu++20";
				CLANG_ENABLE_MODULES = YES;
				CLANG_ENABLE_OBJC_ARC = YES;
				CLANG_ENABLE_OBJC_WEAK = YES;
				CLANG_WARN_BLOCK_CAPTURE_AUTORELEASING = YES;
				CLANG_WARN_BOOL_CONVERSION = YES;
				CLANG_WARN_COMMA = YES;
				CLANG_WARN_CONSTANT_CONVERSION = YES;
				CLANG_WARN_DEPRECATED_OBJC_IMPLEMENTATIONS = YES;
				CLANG_WARN_DIRECT_OBJC_ISA_USAGE = YES_ERROR;
				CLANG_WARN_DOCUMENTATION_COMMENTS = YES;
				CLANG_WARN_EMPTY_BODY = YES;
				CLANG_WARN_ENUM_CONVERSION = YES;
				CLANG_WARN_INFINITE_RECURSION = YES;
				CLANG_WARN_INT_CONVERSION = YES;
				CLANG_WARN_NON_LITERAL_NULL_CONVERSION = YES;
				CLANG_WARN_OBJC_IMPLICIT_RETAIN_SELF = YES;
				CLANG_WARN_OBJC_LITERAL_CONVERSION = YES;
				CLANG_WARN_OBJC_ROOT_CLASS = YES_ERROR;
				CLANG_WARN_QUOTED_INCLUDE_IN_FRAMEWORK_HEADER = YES;
				CLANG_WARN_RANGE_LOOP_ANALYSIS = YES;
				CLANG_WARN_STRICT_PROTOTYPES = YES;
				CLANG_WARN_SUSPICIOUS_MOVE = YES;
				CLANG_WARN_UNGUARDED_AVAILABILITY = YES_AGGRESSIVE;
				CLANG_WARN_UNREACHABLE_CODE = YES;
				CLANG_WARN__DUPLICATE_METHOD_MATCH = YES;
				COPY_PHASE_STRIP = NO;
				DEBUG_INFORMATION_FORMAT = "dwarf-with-dsym";
				ENABLE_NS_ASSERTIONS = NO;
				ENABLE_STRICT_OBJC_MSGSEND = YES;
				GCC_C_LANGUAGE_STANDARD = gnu11;
				GCC_NO_COMMON_BLOCKS = YES;
				GCC_WARN_64_TO_32_BIT_CONVERSION = YES;
				GCC_WARN_ABOUT_RETURN_TYPE = YES_ERROR;
				GCC_WARN_UNDECLARED_SELECTOR = YES;
				GCC_WARN_UNINITIALIZED_AUTOS = YES_AGGRESSIVE;
				GCC_WARN_UNUSED_FUNCTION = YES;
				GCC_WARN_UNUSED_VARIABLE = YES;
				IPHONEOS_DEPLOYMENT_TARGET = 16.2;
				MTL_ENABLE_DEBUG_INFO = NO;
				MTL_FAST_MATH = YES;
				SDKROOT = iphoneos;
				SWIFT_COMPILATION_MODE = wholemodule;
				SWIFT_OPTIMIZATION_LEVEL = "-O";
				VALIDATE_PRODUCT = YES;
			};
			name = Release;
		};
		3D7D37E129BEDB270084BEA2 /* Debug */ = {
			isa = XCBuildConfiguration;
			buildSettings = {
				ASSETCATALOG_COMPILER_APPICON_NAME = AppIcon;
				ASSETCATALOG_COMPILER_GLOBAL_ACCENT_COLOR_NAME = AccentColor;
				CODE_SIGN_STYLE = Automatic;
				CURRENT_PROJECT_VERSION = 1;
				GENERATE_INFOPLIST_FILE = YES;
				INFOPLIST_FILE = CoD_magic/Info.plist;
				INFOPLIST_KEY_UIApplicationSupportsIndirectInputEvents = YES;
				INFOPLIST_KEY_UILaunchStoryboardName = LaunchScreen;
				INFOPLIST_KEY_UIMainStoryboardFile = Main;
				INFOPLIST_KEY_UISupportedInterfaceOrientations_iPad = "UIInterfaceOrientationPortrait UIInterfaceOrientationPortraitUpsideDown UIInterfaceOrientationLandscapeLeft UIInterfaceOrientationLandscapeRight";
				INFOPLIST_KEY_UISupportedInterfaceOrientations_iPhone = "UIInterfaceOrientationPortrait UIInterfaceOrientationLandscapeLeft UIInterfaceOrientationLandscapeRight";
				LD_RUNPATH_SEARCH_PATHS = (
					"$(inherited)",
					"@executable_path/Frameworks",
				);
				MARKETING_VERSION = 1.0;
				PRODUCT_BUNDLE_IDENTIFIER = "GSU.CoD-magic";
				PRODUCT_NAME = "$(TARGET_NAME)";
				SWIFT_EMIT_LOC_STRINGS = YES;
				SWIFT_VERSION = 5.0;
				TARGETED_DEVICE_FAMILY = "1,2";
			};
			name = Debug;
		};
		3D7D37E229BEDB270084BEA2 /* Release */ = {
			isa = XCBuildConfiguration;
			buildSettings = {
				ASSETCATALOG_COMPILER_APPICON_NAME = AppIcon;
				ASSETCATALOG_COMPILER_GLOBAL_ACCENT_COLOR_NAME = AccentColor;
				CODE_SIGN_STYLE = Automatic;
				CURRENT_PROJECT_VERSION = 1;
				GENERATE_INFOPLIST_FILE = YES;
				INFOPLIST_FILE = CoD_magic/Info.plist;
				INFOPLIST_KEY_UIApplicationSupportsIndirectInputEvents = YES;
				INFOPLIST_KEY_UILaunchStoryboardName = LaunchScreen;
				INFOPLIST_KEY_UIMainStoryboardFile = Main;
				INFOPLIST_KEY_UISupportedInterfaceOrientations_iPad = "UIInterfaceOrientationPortrait UIInterfaceOrientationPortraitUpsideDown UIInterfaceOrientationLandscapeLeft UIInterfaceOrientationLandscapeRight";
				INFOPLIST_KEY_UISupportedInterfaceOrientations_iPhone = "UIInterfaceOrientationPortrait UIInterfaceOrientationLandscapeLeft UIInterfaceOrientationLandscapeRight";
				LD_RUNPATH_SEARCH_PATHS = (
					"$(inherited)",
					"@executable_path/Frameworks",
				);
				MARKETING_VERSION = 1.0;
				PRODUCT_BUNDLE_IDENTIFIER = "GSU.CoD-magic";
				PRODUCT_NAME = "$(TARGET_NAME)";
				SWIFT_EMIT_LOC_STRINGS = YES;
				SWIFT_VERSION = 5.0;
				TARGETED_DEVICE_FAMILY = "1,2";
			};
			name = Release;
		};
/* End XCBuildConfiguration section */

/* Begin XCConfigurationList section */
		3D7D37C429BEDB260084BEA2 /* Build configuration list for PBXProject "CoD_magic" */ = {
			isa = XCConfigurationList;
			buildConfigurations = (
				3D7D37DE29BEDB270084BEA2 /* Debug */,
				3D7D37DF29BEDB270084BEA2 /* Release */,
			);
			defaultConfigurationIsVisible = 0;
			defaultConfigurationName = Release;
		};
		3D7D37E029BEDB270084BEA2 /* Build configuration list for PBXNativeTarget "CoD_magic" */ = {
			isa = XCConfigurationList;
			buildConfigurations = (
				3D7D37E129BEDB270084BEA2 /* Debug */,
				3D7D37E229BEDB270084BEA2 /* Release */,
			);
			defaultConfigurationIsVisible = 0;
			defaultConfigurationName = Release;
		};
/* End XCConfigurationList section */

/* Begin XCVersionGroup section */
		3D7D37D529BEDB260084BEA2 /* CoD_magic.xcdatamodeld */ = {
			isa = XCVersionGroup;
			children = (
				3D7D37D629BEDB260084BEA2 /* CoD_magic.xcdatamodel */,
			);
			currentVersion = 3D7D37D629BEDB260084BEA2 /* CoD_magic.xcdatamodel */;
			path = CoD_magic.xcdatamodeld;
			sourceTree = "<group>";
			versionGroupType = wrapper.xcdatamodel;
		};
/* End XCVersionGroup section */
	};
	rootObject = 3D7D37C129BEDB260084BEA2 /* Project object */;
}
